{
  "name": "pug",
  "version": "1.0.0",
  "lockfileVersion": 1,
  "requires": true,
  "dependencies": {
    "@types/babel-types": {
      "version": "7.0.7",
      "resolved": "https://npm.apple.com/@types/babel-types/-/babel-types-7.0.7.tgz",
      "integrity": "sha1-Zn6xZA6AOUNgKAVXN9K5mG7jNuM=",
      "dev": true
    },
    "@types/babylon": {
      "version": "6.16.5",
      "resolved": "https://npm.apple.com/@types/babylon/-/babylon-6.16.5.tgz",
      "integrity": "sha1-HFZB22nrjN83jt0ltL53VL7rSLQ=",
      "dev": true,
      "requires": {
        "@types/babel-types": "*"
      }
    },
    "acorn": {
      "version": "3.3.0",
      "resolved": "https://npm.apple.com/acorn/-/acorn-3.3.0.tgz",
      "integrity": "sha1-ReN/s56No/JbruP/U2niu18iAXo=",
      "dev": true
    },
    "acorn-globals": {
      "version": "3.1.0",
      "resolved": "https://npm.apple.com/acorn-globals/-/acorn-globals-3.1.0.tgz",
      "integrity": "sha1-/YJw9x+7SZawBPqIDuXUZXOnMb8=",
      "dev": true,
      "requires": {
        "acorn": "^4.0.4"
      },
      "dependencies": {
        "acorn": {
          "version": "4.0.13",
          "resolved": "https://npm.apple.com/acorn/-/acorn-4.0.13.tgz",
          "integrity": "sha1-EFSVrlNh1pe9GVyCUZLhrX8lN4c=",
          "dev": true
        }
      }
    },
    "align-text": {
      "version": "0.1.4",
      "resolved": "https://npm.apple.com/align-text/-/align-text-0.1.4.tgz",
      "integrity": "sha1-DNkKVhCT810KmSVsIrcGlDP60Rc=",
      "dev": true,
      "requires": {
        "kind-of": "^3.0.2",
        "longest": "^1.0.1",
        "repeat-string": "^1.5.2"
      }
    },
    "ansi-regex": {
      "version": "2.1.1",
      "resolved": "https://npm.apple.com/ansi-regex/-/ansi-regex-2.1.1.tgz",
      "integrity": "sha1-w7M6te42DYbg5ijwRorn7yfWVN8=",
      "dev": true
    },
    "ansi-styles": {
      "version": "2.2.1",
      "resolved": "https://npm.apple.com/ansi-styles/-/ansi-styles-2.2.1.tgz",
      "integrity": "sha1-tDLdM1i2NM914eRmQ2gkBTPB3b4=",
      "dev": true
    },
    "asap": {
      "version": "2.0.6",
      "resolved": "https://npm.apple.com/asap/-/asap-2.0.6.tgz",
      "integrity": "sha1-5QNHYR1+aQlDIIu9r+vLwvuGbUY=",
      "dev": true
    },
    "babel-runtime": {
      "version": "6.26.0",
      "resolved": "https://npm.apple.com/babel-runtime/-/babel-runtime-6.26.0.tgz",
      "integrity": "sha1-llxwWGaOgrVde/4E/yM3vItWR/4=",
      "dev": true,
      "requires": {
        "core-js": "^2.4.0",
        "regenerator-runtime": "^0.11.0"
      }
    },
    "babel-types": {
      "version": "6.26.0",
      "resolved": "https://npm.apple.com/babel-types/-/babel-types-6.26.0.tgz",
      "integrity": "sha1-o7Bz+Uq0nrb6Vc1lInozQ4BjJJc=",
      "dev": true,
      "requires": {
        "babel-runtime": "^6.26.0",
        "esutils": "^2.0.2",
        "lodash": "^4.17.4",
        "to-fast-properties": "^1.0.3"
      }
    },
    "babylon": {
      "version": "6.18.0",
      "resolved": "https://npm.apple.com/babylon/-/babylon-6.18.0.tgz",
      "integrity": "sha1-ry87iPpvXB5MY00aD46sT1WzleM=",
      "dev": true
    },
    "camelcase": {
      "version": "1.2.1",
      "resolved": "https://npm.apple.com/camelcase/-/camelcase-1.2.1.tgz",
      "integrity": "sha1-m7UwTS4LVmmLLHWLCKPqqdqlijk=",
      "dev": true
    },
    "center-align": {
      "version": "0.1.3",
      "resolved": "https://npm.apple.com/center-align/-/center-align-0.1.3.tgz",
      "integrity": "sha1-qg0yYptu6XIgBBHL1EYckHvCt60=",
      "dev": true,
      "requires": {
        "align-text": "^0.1.3",
        "lazy-cache": "^1.0.3"
      }
    },
    "chalk": {
      "version": "1.1.3",
      "resolved": "https://npm.apple.com/chalk/-/chalk-1.1.3.tgz",
      "integrity": "sha1-qBFcVeSnAv5NFQq9OHKCKn4J/Jg=",
      "dev": true,
      "requires": {
        "ansi-styles": "^2.2.1",
        "escape-string-regexp": "^1.0.2",
        "has-ansi": "^2.0.0",
        "strip-ansi": "^3.0.0",
        "supports-color": "^2.0.0"
      }
    },
    "character-parser": {
      "version": "2.2.0",
      "resolved": "https://npm.apple.com/character-parser/-/character-parser-2.2.0.tgz",
      "integrity": "sha1-x84o821LzZdE5f/CxfzeHHMmH8A=",
      "dev": true,
      "requires": {
        "is-regex": "^1.0.3"
      }
    },
    "clean-css": {
      "version": "4.2.1",
      "resolved": "https://npm.apple.com/clean-css/-/clean-css-4.2.1.tgz",
      "integrity": "sha1-LUEe92uFabbQyEBo2r6FsKpeXBc=",
      "dev": true,
      "requires": {
        "source-map": "~0.6.0"
      }
    },
    "cliui": {
      "version": "2.1.0",
      "resolved": "https://npm.apple.com/cliui/-/cliui-2.1.0.tgz",
      "integrity": "sha1-S0dXYP+AJkx2LDoXGQMukcf+oNE=",
      "dev": true,
      "requires": {
        "center-align": "^0.1.1",
        "right-align": "^0.1.1",
        "wordwrap": "0.0.2"
      }
    },
    "commander": {
      "version": "2.20.0",
      "resolved": "https://npm.apple.com/commander/-/commander-2.20.0.tgz",
      "integrity": "sha1-1YuytcHuj4ew00ACfp6U4iLFpCI=",
      "dev": true
    },
    "constantinople": {
      "version": "3.1.2",
      "resolved": "https://npm.apple.com/constantinople/-/constantinople-3.1.2.tgz",
      "integrity": "sha1-1F7XJPV9PRBQABen06iJwTga5kc=",
      "dev": true,
      "requires": {
        "@types/babel-types": "^7.0.0",
        "@types/babylon": "^6.16.2",
        "babel-types": "^6.26.0",
        "babylon": "^6.18.0"
      }
    },
    "core-js": {
      "version": "2.6.9",
      "resolved": "https://npm.apple.com/core-js/-/core-js-2.6.9.tgz",
      "integrity": "sha1-a0shRiDINBUuF5Mjcn/Bl0GwhPI=",
      "dev": true
    },
    "decamelize": {
      "version": "1.2.0",
      "resolved": "https://npm.apple.com/decamelize/-/decamelize-1.2.0.tgz",
      "integrity": "sha1-9lNNFRSCabIDUue+4m9QH5oZEpA=",
      "dev": true
    },
    "doctypes": {
      "version": "1.1.0",
      "resolved": "https://npm.apple.com/doctypes/-/doctypes-1.1.0.tgz",
      "integrity": "sha1-6oCxBqh1OHdOijpKWv4pPeSJ4Kk=",
      "dev": true
    },
    "escape-string-regexp": {
      "version": "1.0.5",
      "resolved": "https://npm.apple.com/escape-string-regexp/-/escape-string-regexp-1.0.5.tgz",
      "integrity": "sha1-G2HAViGQqN/2rjuyzwIAyhMLhtQ=",
      "dev": true
    },
    "esutils": {
      "version": "2.0.3",
      "resolved": "https://npm.apple.com/esutils/-/esutils-2.0.3.tgz",
      "integrity": "sha1-dNLrTeC42hKTcRkQ1Qd1ubcQ72Q=",
      "dev": true
    },
    "function-bind": {
      "version": "1.1.1",
      "resolved": "https://npm.apple.com/function-bind/-/function-bind-1.1.1.tgz",
      "integrity": "sha1-pWiZ0+o8m6uHS7l3O3xe3pL0iV0=",
      "dev": true
    },
    "has": {
      "version": "1.0.3",
      "resolved": "https://npm.apple.com/has/-/has-1.0.3.tgz",
      "integrity": "sha1-ci18v8H2qoJB8W3YFOAR4fQeh5Y=",
      "dev": true,
      "requires": {
        "function-bind": "^1.1.1"
      }
    },
    "has-ansi": {
      "version": "2.0.0",
      "resolved": "https://npm.apple.com/has-ansi/-/has-ansi-2.0.0.tgz",
      "integrity": "sha1-NPUEnOHs3ysGSa8+8k5F7TVBbZE=",
      "dev": true,
      "requires": {
        "ansi-regex": "^2.0.0"
      }
    },
    "is-buffer": {
      "version": "1.1.6",
      "resolved": "https://npm.apple.com/is-buffer/-/is-buffer-1.1.6.tgz",
      "integrity": "sha1-76ouqdqg16suoTqXsritUf776L4=",
      "dev": true
    },
    "is-expression": {
      "version": "3.0.0",
      "resolved": "https://npm.apple.com/is-expression/-/is-expression-3.0.0.tgz",
      "integrity": "sha1-Oayqa+f9HzRx3ELHQW5hwkMXrJ8=",
      "dev": true,
      "requires": {
        "acorn": "~4.0.2",
        "object-assign": "^4.0.1"
      },
      "dependencies": {
        "acorn": {
          "version": "4.0.13",
          "resolved": "https://npm.apple.com/acorn/-/acorn-4.0.13.tgz",
          "integrity": "sha1-EFSVrlNh1pe9GVyCUZLhrX8lN4c=",
          "dev": true
        }
      }
    },
    "is-promise": {
      "version": "2.1.0",
      "resolved": "https://npm.apple.com/is-promise/-/is-promise-2.1.0.tgz",
      "integrity": "sha1-eaKp7OfwlugPNtKy87wWwf9L8/o=",
      "dev": true
    },
    "is-regex": {
      "version": "1.0.4",
      "resolved": "https://npm.apple.com/is-regex/-/is-regex-1.0.4.tgz",
      "integrity": "sha1-VRdIm1RwkbCTDglWVM7SXul+lJE=",
      "dev": true,
      "requires": {
        "has": "^1.0.1"
      }
    },
    "js-stringify": {
      "version": "1.0.2",
      "resolved": "https://npm.apple.com/js-stringify/-/js-stringify-1.0.2.tgz",
      "integrity": "sha1-Fzb939lyTyijaCrcYjCufk6Weds=",
      "dev": true
    },
    "jstransformer": {
      "version": "1.0.0",
      "resolved": "https://npm.apple.com/jstransformer/-/jstransformer-1.0.0.tgz",
      "integrity": "sha1-7Yvwkh4vPx7U1cGkT2hwntJHIsM=",
      "dev": true,
      "requires": {
        "is-promise": "^2.0.0",
        "promise": "^7.0.1"
      }
    },
    "kind-of": {
      "version": "3.2.2",
      "resolved": "https://npm.apple.com/kind-of/-/kind-of-3.2.2.tgz",
      "integrity": "sha1-MeohpzS6ubuw8yRm2JOupR5KPGQ=",
      "dev": true,
      "requires": {
        "is-buffer": "^1.1.5"
      }
    },
    "lazy-cache": {
      "version": "1.0.4",
      "resolved": "https://npm.apple.com/lazy-cache/-/lazy-cache-1.0.4.tgz",
      "integrity": "sha1-odePw6UEdMuAhF07O24dpJpEbo4=",
      "dev": true
    },
    "lodash": {
      "version": "4.17.15",
      "resolved": "https://npm.apple.com/lodash/-/lodash-4.17.15.tgz",
      "integrity": "sha1-tEf2ZwoEVbv+7dETku/zMOoJdUg=",
      "dev": true
    },
    "longest": {
      "version": "1.0.1",
      "resolved": "https://npm.apple.com/longest/-/longest-1.0.1.tgz",
      "integrity": "sha1-MKCy2jj3N3DoKUoNIuZiXtd9AJc=",
      "dev": true
    },
    "minimist": {
      "version": "0.0.8",
      "resolved": "https://npm.apple.com/minimist/-/minimist-0.0.8.tgz",
      "integrity": "sha1-hX/Kv8M5fSYluCKCYuhqp6ARsF0=",
      "dev": true
    },
    "mkdirp": {
      "version": "0.5.1",
      "resolved": "https://npm.apple.com/mkdirp/-/mkdirp-0.5.1.tgz",
      "integrity": "sha1-MAV0OOrGz3+MR2fzhkjWaX11yQM=",
      "dev": true,
      "requires": {
        "minimist": "0.0.8"
      }
    },
    "object-assign": {
      "version": "4.1.1",
      "resolved": "https://npm.apple.com/object-assign/-/object-assign-4.1.1.tgz",
      "integrity": "sha1-IQmtx5ZYh8/AXLvUQsrIv7s2CGM=",
      "dev": true
    },
    "path-parse": {
      "version": "1.0.6",
      "resolved": "https://npm.apple.com/path-parse/-/path-parse-1.0.6.tgz",
      "integrity": "sha1-1i27VnlAXXLEc37FhgDp3c8G0kw=",
      "dev": true
    },
    "promise": {
      "version": "7.3.1",
      "resolved": "https://npm.apple.com/promise/-/promise-7.3.1.tgz",
      "integrity": "sha1-BktyYCsY+Q8pGSuLG8QY/9Hr078=",
      "dev": true,
      "requires": {
        "asap": "~2.0.3"
      }
    },
    "pug": {
      "version": "2.0.4",
      "resolved": "https://npm.apple.com/pug/-/pug-2.0.4.tgz",
      "integrity": "sha1-7naC7ApgSUs41IqI8F87CskxN30=",
      "dev": true,
      "requires": {
        "pug-code-gen": "^2.0.2",
        "pug-filters": "^3.1.1",
        "pug-lexer": "^4.1.0",
        "pug-linker": "^3.0.6",
        "pug-load": "^2.0.12",
        "pug-parser": "^5.0.1",
        "pug-runtime": "^2.0.5",
        "pug-strip-comments": "^1.0.4"
      }
    },
    "pug-attrs": {
      "version": "2.0.4",
      "resolved": "https://npm.apple.com/pug-attrs/-/pug-attrs-2.0.4.tgz",
      "integrity": "sha1-svRMQ55OtK1dTvJcrCDRitKMwzY=",
      "dev": true,
      "requires": {
        "constantinople": "^3.0.1",
        "js-stringify": "^1.0.1",
        "pug-runtime": "^2.0.5"
      }
    },
    "pug-cli": {
      "version": "1.0.0-alpha6",
      "resolved": "https://npm.apple.com/pug-cli/-/pug-cli-1.0.0-alpha6.tgz",
      "integrity": "sha1-HKU56krA67ac5KroSu7V1k/+ZQE=",
      "dev": true,
      "requires": {
        "chalk": "^1.0.0",
        "commander": "^2.8.1",
        "mkdirp": "^0.5.1",
        "pug": "^2.0.0-alpha7"
      }
    },
    "pug-code-gen": {
      "version": "2.0.2",
      "resolved": "https://npm.apple.com/pug-code-gen/-/pug-code-gen-2.0.2.tgz",
      "integrity": "sha1-rQlnFirqB33PeHg42U7RSssCF8I=",
      "dev": true,
      "requires": {
        "constantinople": "^3.1.2",
        "doctypes": "^1.1.0",
        "js-stringify": "^1.0.1",
        "pug-attrs": "^2.0.4",
        "pug-error": "^1.3.3",
        "pug-runtime": "^2.0.5",
        "void-elements": "^2.0.1",
        "with": "^5.0.0"
      }
    },
    "pug-error": {
      "version": "1.3.3",
      "resolved": "https://npm.apple.com/pug-error/-/pug-error-1.3.3.tgz",
      "integrity": "sha1-80L7AIdS1YA0wYXeA2At2f/hX6Y=",
      "dev": true
    },
    "pug-filters": {
      "version": "3.1.1",
      "resolved": "https://npm.apple.com/pug-filters/-/pug-filters-3.1.1.tgz",
      "integrity": "sha1-qyzILbnuzPV4vaiRMOJSoNsCaqc=",
      "dev": true,
      "requires": {
        "clean-css": "^4.1.11",
        "constantinople": "^3.0.1",
        "jstransformer": "1.0.0",
        "pug-error": "^1.3.3",
        "pug-walk": "^1.1.8",
        "resolve": "^1.1.6",
        "uglify-js": "^2.6.1"
      }
    },
    "pug-lexer": {
      "version": "4.1.0",
      "resolved": "https://npm.apple.com/pug-lexer/-/pug-lexer-4.1.0.tgz",
      "integrity": "sha1-UxzeSMfAsfy7wrhUhchmXjFInP0=",
      "dev": true,
      "requires": {
        "character-parser": "^2.1.1",
        "is-expression": "^3.0.0",
        "pug-error": "^1.3.3"
      }
    },
    "pug-linker": {
      "version": "3.0.6",
      "resolved": "https://npm.apple.com/pug-linker/-/pug-linker-3.0.6.tgz",
      "integrity": "sha1-9b8hiw79Zc5mcPevxRZY0Pgpifs=",
      "dev": true,
      "requires": {
        "pug-error": "^1.3.3",
        "pug-walk": "^1.1.8"
      }
    },
    "pug-load": {
      "version": "2.0.12",
      "resolved": "https://npm.apple.com/pug-load/-/pug-load-2.0.12.tgz",
      "integrity": "sha1-04yF64X24vcE3qFNzKlBRNNdPns=",
      "dev": true,
      "requires": {
        "object-assign": "^4.1.0",
        "pug-walk": "^1.1.8"
      }
    },
    "pug-parser": {
      "version": "5.0.1",
      "resolved": "https://npm.apple.com/pug-parser/-/pug-parser-5.0.1.tgz",
      "integrity": "sha1-A+etpItoQL04Ivhn19kPhC0P/ck=",
      "dev": true,
      "requires": {
        "pug-error": "^1.3.3",
        "token-stream": "0.0.1"
      }
    },
    "pug-runtime": {
      "version": "2.0.5",
      "resolved": "https://npm.apple.com/pug-runtime/-/pug-runtime-2.0.5.tgz",
      "integrity": "sha1-baeXbDa/IvaOczw1kkDYrnoylTo=",
      "dev": true
    },
    "pug-strip-comments": {
      "version": "1.0.4",
      "resolved": "https://npm.apple.com/pug-strip-comments/-/pug-strip-comments-1.0.4.tgz",
      "integrity": "sha1-zBtt4fbo9ZMc8C7GbN/9P1Dq+Kg=",
      "dev": true,
      "requires": {
        "pug-error": "^1.3.3"
      }
    },
    "pug-walk": {
      "version": "1.1.8",
      "resolved": "https://npm.apple.com/pug-walk/-/pug-walk-1.1.8.tgz",
      "integrity": "sha1-tAj2fyeRL4wh2i9FtyMMS9Kl6no=",
      "dev": true
    },
    "regenerator-runtime": {
      "version": "0.11.1",
      "resolved": "https://npm.apple.com/regenerator-runtime/-/regenerator-runtime-0.11.1.tgz",
      "integrity": "sha1-vgWtf5v30i4Fb5cmzuUBf78Z4uk=",
      "dev": true
    },
    "repeat-string": {
      "version": "1.6.1",
      "resolved": "https://npm.apple.com/repeat-string/-/repeat-string-1.6.1.tgz",
      "integrity": "sha1-jcrkcOHIirwtYA//Sndihtp15jc=",
      "dev": true
    },
    "resolve": {
      "version": "1.12.0",
      "resolved": "https://npm.apple.com/resolve/-/resolve-1.12.0.tgz",
      "integrity": "sha1-P8ZEo1yEpIVUYJ/ybsUrZvpXffY=",
      "dev": true,
      "requires": {
        "path-parse": "^1.0.6"
      }
    },
    "right-align": {
      "version": "0.1.3",
      "resolved": "https://npm.apple.com/right-align/-/right-align-0.1.3.tgz",
      "integrity": "sha1-YTObci/mo1FWiSENJOFMlhSGE+8=",
      "dev": true,
      "requires": {
        "align-text": "^0.1.1"
      }
    },
    "source-map": {
      "version": "0.6.1",
      "resolved": "https://npm.apple.com/source-map/-/source-map-0.6.1.tgz",
      "integrity": "sha1-dHIq8y6WFOnCh6jQu95IteLxomM=",
      "dev": true
    },
    "strip-ansi": {
      "version": "3.0.1",
      "resolved": "https://npm.apple.com/strip-ansi/-/strip-ansi-3.0.1.tgz",
      "integrity": "sha1-ajhfuIU9lS1f8F0Oiq+UJ43GPc8=",
      "dev": true,
      "requires": {
        "ansi-regex": "^2.0.0"
      }
    },
    "supports-color": {
      "version": "2.0.0",
      "resolved": "https://npm.apple.com/supports-color/-/supports-color-2.0.0.tgz",
      "integrity": "sha1-U10EXOa2Nj+kARcIRimZXp3zJMc=",
      "dev": true
    },
    "to-fast-properties": {
      "version": "1.0.3",
      "resolved": "https://npm.apple.com/to-fast-properties/-/to-fast-properties-1.0.3.tgz",
      "integrity": "sha1-uDVx+k2MJbguIxsG46MFXeTKGkc=",
      "dev": true
    },
    "token-stream": {
      "version": "0.0.1",
      "resolved": "https://npm.apple.com/token-stream/-/token-stream-0.0.1.tgz",
      "integrity": "sha1-zu78cXp2xDFvEm0LnbqlXX598Bo=",
      "dev": true
    },
    "uglify-js": {
      "version": "2.8.29",
      "resolved": "https://npm.apple.com/uglify-js/-/uglify-js-2.8.29.tgz",
      "integrity": "sha1-KcVzMUgFe7Th913zW3qcty5qWd0=",
      "dev": true,
      "requires": {
        "source-map": "~0.5.1",
        "uglify-to-browserify": "~1.0.0",
        "yargs": "~3.10.0"
      },
      "dependencies": {
        "source-map": {
          "version": "0.5.7",
          "resolved": "https://npm.apple.com/source-map/-/source-map-0.5.7.tgz",
          "integrity": "sha1-igOdLRAh0i0eoUyA2OpGi6LvP8w=",
          "dev": true
        }
      }
    },
    "uglify-to-browserify": {
      "version": "1.0.2",
      "resolved": "https://npm.apple.com/uglify-to-browserify/-/uglify-to-browserify-1.0.2.tgz",
      "integrity": "sha1-bgkk1r2mta/jSeOabWMoUKD4grc=",
      "dev": true,
      "optional": true
    },
    "void-elements": {
      "version": "2.0.1",
      "resolved": "https://npm.apple.com/void-elements/-/void-elements-2.0.1.tgz",
      "integrity": "sha1-wGavtYK7HLQSjWDqkjkulNXp2+w=",
      "dev": true
    },
    "window-size": {
      "version": "0.1.0",
      "resolved": "https://npm.apple.com/window-size/-/window-size-0.1.0.tgz",
      "integrity": "sha1-VDjNLqk7IC76Ohn+iIeu58lPnJ0=",
      "dev": true
    },
    "with": {
      "version": "5.1.1",
      "resolved": "https://npm.apple.com/with/-/with-5.1.1.tgz",
      "integrity": "sha1-+k2qktrzLE6pTtRTyB8EaGtXXf4=",
      "dev": true,
      "requires": {
        "acorn": "^3.1.0",
        "acorn-globals": "^3.0.0"
      }
    },
    "wordwrap": {
      "version": "0.0.2",
      "resolved": "https://npm.apple.com/wordwrap/-/wordwrap-0.0.2.tgz",
      "integrity": "sha1-t5Zpu0LstAn4PVg8rVLKF+qhZD8=",
      "dev": true
    },
    "yargs": {
      "version": "3.10.0",
      "resolved": "https://npm.apple.com/yargs/-/yargs-3.10.0.tgz",
      "integrity": "sha1-9+572FfdfB0tOMDnTvvWgdFDH9E=",
      "dev": true,
      "requires": {
        "camelcase": "^1.0.2",
        "cliui": "^2.1.0",
        "decamelize": "^1.0.0",
        "window-size": "0.1.0"
      }
    }
  }
}
